
Microsoft Visual Studio Solution File, Format Version 12.00
# Visual Studio 14
VisualStudioVersion = 14.0.23107.0
MinimumVisualStudioVersion = 10.0.40219.1
Project("{FAE04EC0-301F-11D3-BF4B-00C04F79EFBC}") = "App", "src\App\App.csproj", "{62D06FEC-7A19-4743-9024-AA085D3C66CD}"
EndProject
Project("{2150E333-8FDC-42A3-9474-1A3956D46DE8}") = "Database", "Database", "{C3941DFB-7B7E-4EE8-AD6E-0BCF0729BCC7}"
	ProjectSection(SolutionItems) = preProject
		src\Database\db.sql = src\Database\db.sql
	EndProjectSection
EndProject
Project("{FAE04EC0-301F-11D3-BF4B-00C04F79EFBC}") = "Core", "src\Core\Core.csproj", "{8F76262E-0139-41E3-8EAD-CF528035AA42}"
EndProject
Global
	GlobalSection(SolutionConfigurationPlatforms) = preSolution
		Debug|Any CPU = Debug|Any CPU
		Release|Any CPU = Release|Any CPU
	EndGlobalSection
	GlobalSection(ProjectConfigurationPlatforms) = postSolution
		{62D06FEC-7A19-4743-9024-AA085D3C66CD}.Debug|Any CPU.ActiveCfg = Debug|Any CPU
		{62D06FEC-7A19-4743-9024-AA085D3C66CD}.Debug|Any CPU.Build.0 = Debug|Any CPU
		{62D06FEC-7A19-4743-9024-AA085D3C66CD}.Release|Any CPU.ActiveCfg = Release|Any CPU
		{62D06FEC-7A19-4743-9024-AA085D3C66CD}.Release|Any CPU.Build.0 = Release|Any CPU
		{8F76262E-0139-41E3-8EAD-CF528035AA42}.Debug|Any CPU.ActiveCfg = Debug|Any CPU
		{8F76262E-0139-41E3-8EAD-CF528035AA42}.Debug|Any CPU.Build.0 = Debug|Any CPU
		{8F76262E-0139-41E3-8EAD-CF528035AA42}.Release|Any CPU.ActiveCfg = Release|Any CPU
		{8F76262E-0139-41E3-8EAD-CF528035AA42}.Release|Any CPU.Build.0 = Release|Any CPU
	EndGlobalSection
	GlobalSection(SolutionProperties) = preSolution
		HideSolutionNode = FALSE
	EndGlobalSection
EndGlobal
